<?xml version="1.0" encoding="utf-8"?>
<Project xmlns="http://schemas.microsoft.com/developer/msbuild/2003">
    <PropertyGroup>
        <ProjectVersion>20.3</ProjectVersion>
        <FrameworkType>None</FrameworkType>
        <Base>True</Base>
        <Config Condition="'$(Config)'==''">Release</Config>
        <Platform Condition="'$(Platform)'==''">Win64</Platform>
        <ProjectName Condition="'$(ProjectName)'==''">mcp-workflow</ProjectName>
        <TargetedPlatforms>6</TargetedPlatforms>
        <AppType>Console</AppType>
        <MainSource>mcp-workflow.dpr</MainSource>
    </PropertyGroup>
    <PropertyGroup Condition="'$(Config)'=='Base' or '$(Base)'!=''"><Base>true</Base></PropertyGroup>
    <PropertyGroup Condition="('$(Platform)'=='Win64' and '$(Base)'=='true') or '$(Base_Win64)'!=''">
        <Base_Win64>true</Base_Win64><CfgParent>Base</CfgParent><Base>true</Base>
    </PropertyGroup>
    <PropertyGroup Condition="'$(Config)'=='Release' or '$(Cfg_2)'!=''">
        <Cfg_2>true</Cfg_2><CfgParent>Base</CfgParent><Base>true</Base>
    </PropertyGroup>
    <PropertyGroup Condition="'$(Base)'!=''">
        <DCC_DcuOutput>.\dcu\$(Platform)\$(Config)</DCC_DcuOutput>
        <DCC_E>false</DCC_E><DCC_N>false</DCC_N><DCC_S>false</DCC_S><DCC_F>false</DCC_F><DCC_K>false</DCC_K>
        <DCC_Namespace>System;Xml;Data;Datasnap;Web;Soap;$(DCC_Namespace)</DCC_Namespace>
    </PropertyGroup>
    <PropertyGroup Condition="'$(Base_Win64)'!=''">
        <DCC_ExeOutput>dist</DCC_ExeOutput>
        <DCC_UsePackage>vclwinx;DataSnapServer;fmx;vclie;DbxCommonDriver;bindengine;IndyIPCommon;VCLRESTComponents;DBXMSSQLDriver;FireDACCommonODBC;emsclient;IndyProtocols;vclx;MakerAI;dbxcds;vcledge;DBXFirebirdDriver;FireDACSqliteDriver;DbxClientDriver;TeeUI;dbexpress;inet;vcltouch;FireDACDBXDriver;CustomIPTransport;FireDACMSSQLDriver;IndySystem;FMXTeeBI;vclFireDAC;FireDACCommon;DataSnapServerMidas;FireDACODBCDriver;emsserverresource;bindcompdbx;rtl;FireDACMySQLDriver;DBXSqliteDriver;DBXSybaseASEDriver;vclimg;DataSnapFireDAC;FireDAC;xmlrtl;dsnap;FireDACDb2Driver;DBXOracleDriver;DBXInformixDriver;vclib;DataSnapNativeClient;emshosting;FireDACCommonDriver;IndyIPClient;emsedge;bindcompfmx;inetdb;FireDACASADriver;Tee;vclactnband;fmxFireDAC;DBXMySQLDriver;VclSmp;DataSnapCommon;DBXOdbcDriver;dbrtl;FireDACOracleDriver;TeeDB;FireDACMSAccDriver;DataSnapIndy10ServerTransport;DataSnapConnectors;vcldsnap;DBXInterBaseDriver;FireDACMongoDBDriver;FireDACTDataDriver;vcldb;bindcomp;IndyCore;RESTBackendComponents;FireDACADSDriver;RESTComponents;IndyIPServer;vcl;adortl;dsnapcon;DataSnapClient;DataSnapProviderClient;TaurusTLS_RT;DBXDb2Driver;FireDACPgDriver;FireDACDSDriver;tethering;bindcompvcl;CloudService;DBXSybaseASADriver;soaprtl;soapserver;FireDACIBDriver;$(DCC_UsePackage)</DCC_UsePackage>
        <DCC_ConsoleTarget>true</DCC_ConsoleTarget>
        <DCC_Namespace>Winapi;System.Win;Data.Win;Datasnap.Win;Web.Win;Soap.Win;Xml.Win;$(DCC_Namespace)</DCC_Namespace>
        <VerInfo_Keys>CompanyName=PascalAI;FileDescription=mcp-workflow;FileVersion=1.0.0.0;ProductName=mcp-workflow;ProductVersion=1.0.0.0</VerInfo_Keys>
        <VerInfo_Locale>1033</VerInfo_Locale>
        <Manifest_File>(None)</Manifest_File>
        <AppDPIAwarenessMode>none</AppDPIAwarenessMode>
    </PropertyGroup>
    <PropertyGroup Condition="'$(Cfg_2)'!=''">
        <DCC_LocalDebugSymbols>false</DCC_LocalDebugSymbols>
        <DCC_SymbolReferenceInfo>0</DCC_SymbolReferenceInfo>
        <DCC_DebugInformation>0</DCC_DebugInformation>
    </PropertyGroup>
    <PropertyGroup Condition="'$(Cfg_2)'!='' and '$(Platform)'=='Win64'">
        <DCC_Define>RELEASE;$(DCC_Define)</DCC_Define>
    </PropertyGroup>
    <ItemGroup>
        <DelphiCompile Include="$(MainSource)"><MainSource>MainSource</MainSource></DelphiCompile>
        <DCCReference Include="MCPTool.Workflow.pas"/>
        <BuildConfiguration Include="Release"><Key>Cfg_2</Key></BuildConfiguration>
        <BuildConfiguration Include="Base"><Key>Base</Key></BuildConfiguration>
    </ItemGroup>
    <Import Project="$(BDS)\Bin\CodeGear.Delphi.Targets" Condition="Exists('$(BDS)\Bin\CodeGear.Delphi.Targets')"/>
    <Import Project="$(APPDATA)\Embarcadero\$(BDSAPPDATABASEDIR)\$(PRODUCTVERSION)\UserTools.proj" Condition="Exists('$(APPDATA)\Embarcadero\$(BDSAPPDATABASEDIR)\$(PRODUCTVERSION)\UserTools.proj')"/>
</Project>
